
Microsoft Visual Studio Solution File, Format Version 10.00
# Visual Studio 2008
Project("{FAE04EC0-301F-11D3-BF4B-00C04F79EFBC}") = "FSharpBinding", "FSharpBinding.csproj", "{1B6FE87F-EB90-4A5D-8F64-F56BE3A9D836}"
EndProject
Global
	GlobalSection(SolutionConfigurationPlatforms) = preSolution
		Debug|Any CPU = Debug|Any CPU
		Release|Any CPU = Release|Any CPU
	EndGlobalSection
	GlobalSection(ProjectConfigurationPlatforms) = postSolution
		{1B6FE87F-EB90-4A5D-8F64-F56BE3A9D836}.Debug|Any CPU.ActiveCfg = Debug|Any CPU
		{1B6FE87F-EB90-4A5D-8F64-F56BE3A9D836}.Debug|Any CPU.Build.0 = Debug|Any CPU
		{1B6FE87F-EB90-4A5D-8F64-F56BE3A9D836}.Release|Any CPU.ActiveCfg = Release|Any CPU
		{1B6FE87F-EB90-4A5D-8F64-F56BE3A9D836}.Release|Any CPU.Build.0 = Release|Any CPU
	EndGlobalSection
	GlobalSection(MonoDevelopProperties) = preSolution
		StartupItem = FSharpBinding.csproj
	EndGlobalSection
EndGlobal
